
Microsoft Visual Studio Solution File, Format Version 12.00
# Visual Studio Version 17
VisualStudioVersion = 17.12.35527.113
MinimumVisualStudioVersion = 10.0.40219.1
Project("{FAE04EC0-301F-11D3-BF4B-00C04F79EFBC}") = "RAD Manager", "RAD Manager\RAD Manager.csproj", "{C56BB51F-1C1F-408A-B74D-5EE1F3F93968}"
EndProject
Project("{FAE04EC0-301F-11D3-BF4B-00C04F79EFBC}") = "AddRADParameterGroup", "AddRADParameterGroup\AddRADParameterGroup.csproj", "{975A6024-2DE2-4F80-BFCE-FE9E78A8190D}"
EndProject
Project("{FAE04EC0-301F-11D3-BF4B-00C04F79EFBC}") = "RemoveRADParameterGroup", "RemoveRADParameterGroup\RemoveRADParameterGroup.csproj", "{6F116D77-51AE-4346-9F24-249592C3ECFA}"
EndProject
Project("{2150E333-8FDC-42A3-9474-1A3956D46DE8}") = "Internal", "Internal", "{535D4FBA-6568-4DEF-B5DB-18FC50ED1895}"
EndProject
Project("{2150E333-8FDC-42A3-9474-1A3956D46DE8}") = "Code Analysis", "Code Analysis", "{8DF832BF-E066-4B3E-A67B-F2F422665625}"
	ProjectSection(SolutionItems) = preProject
		Internal\Code Analysis\qaction-debug.ruleset = Internal\Code Analysis\qaction-debug.ruleset
		Internal\Code Analysis\qaction-release.ruleset = Internal\Code Analysis\qaction-release.ruleset
		Internal\Code Analysis\stylecop.json = Internal\Code Analysis\stylecop.json
	EndProjectSection
EndProject
Project("{FAE04EC0-301F-11D3-BF4B-00C04F79EFBC}") = "RelationalAnomalyGroupsDataSource", "RelationalAnomalyGroupsDataSource\RelationalAnomalyGroupsDataSource.csproj", "{C58BF363-9F7A-49F5-B2F2-045CC5B59DE2}"
EndProject
Project("{FAE04EC0-301F-11D3-BF4B-00C04F79EFBC}") = "RelationalGroupInfoDataSource", "RelationalGroupInfoDataSource\RelationalGroupInfoDataSource.csproj", "{E209F086-6C2A-4A63-9378-7C81EEF5928A}"
EndProject
Project("{FAE04EC0-301F-11D3-BF4B-00C04F79EFBC}") = "RelationalAnomalyScoreDataSource", "RelationalAnomalyScoreDataSource\RelationalAnomalyScoreDataSource.csproj", "{6ACAC0BA-48D9-4827-A1C8-E16164035E67}"
EndProject
Project("{FAE04EC0-301F-11D3-BF4B-00C04F79EFBC}") = "RetrainRADModel", "RetrainRADModel\RetrainRADModel.csproj", "{D82E4480-9933-4966-997A-B19AE14ADCAC}"
EndProject
Project("{FAE04EC0-301F-11D3-BF4B-00C04F79EFBC}") = "RadWidgets", "RADWidgets\RadWidgets.csproj", "{391C490F-138C-4CD1-90F2-5514F6C8315A}"
EndProject
Project("{FAE04EC0-301F-11D3-BF4B-00C04F79EFBC}") = "EditRADParameterGroup", "EditRADParameterGroup\EditRADParameterGroup.csproj", "{120BA61E-DD71-4C88-B0F6-6A367B9EE524}"
EndProject
Project("{D954291E-2A0B-460D-934E-DC6B0785DB48}") = "RadDataSourceUtils", "RadDataSourceUtils\RadDataSourceUtils.shproj", "{2ADE4ECB-223A-40E2-B795-2F33A74D70D8}"
EndProject
Global
	GlobalSection(SolutionConfigurationPlatforms) = preSolution
		Debug|Any CPU = Debug|Any CPU
		Release|Any CPU = Release|Any CPU
	EndGlobalSection
	GlobalSection(ProjectConfigurationPlatforms) = postSolution
		{C56BB51F-1C1F-408A-B74D-5EE1F3F93968}.Debug|Any CPU.ActiveCfg = Debug|Any CPU
		{C56BB51F-1C1F-408A-B74D-5EE1F3F93968}.Debug|Any CPU.Build.0 = Debug|Any CPU
		{C56BB51F-1C1F-408A-B74D-5EE1F3F93968}.Release|Any CPU.ActiveCfg = Release|Any CPU
		{C56BB51F-1C1F-408A-B74D-5EE1F3F93968}.Release|Any CPU.Build.0 = Release|Any CPU
		{975A6024-2DE2-4F80-BFCE-FE9E78A8190D}.Debug|Any CPU.ActiveCfg = Debug|Any CPU
		{975A6024-2DE2-4F80-BFCE-FE9E78A8190D}.Debug|Any CPU.Build.0 = Debug|Any CPU
		{975A6024-2DE2-4F80-BFCE-FE9E78A8190D}.Release|Any CPU.ActiveCfg = Release|Any CPU
		{975A6024-2DE2-4F80-BFCE-FE9E78A8190D}.Release|Any CPU.Build.0 = Release|Any CPU
		{6F116D77-51AE-4346-9F24-249592C3ECFA}.Debug|Any CPU.ActiveCfg = Debug|Any CPU
		{6F116D77-51AE-4346-9F24-249592C3ECFA}.Debug|Any CPU.Build.0 = Debug|Any CPU
		{6F116D77-51AE-4346-9F24-249592C3ECFA}.Release|Any CPU.ActiveCfg = Release|Any CPU
		{6F116D77-51AE-4346-9F24-249592C3ECFA}.Release|Any CPU.Build.0 = Release|Any CPU
		{C58BF363-9F7A-49F5-B2F2-045CC5B59DE2}.Debug|Any CPU.ActiveCfg = Debug|Any CPU
		{C58BF363-9F7A-49F5-B2F2-045CC5B59DE2}.Debug|Any CPU.Build.0 = Debug|Any CPU
		{C58BF363-9F7A-49F5-B2F2-045CC5B59DE2}.Release|Any CPU.ActiveCfg = Release|Any CPU
		{C58BF363-9F7A-49F5-B2F2-045CC5B59DE2}.Release|Any CPU.Build.0 = Release|Any CPU
		{E209F086-6C2A-4A63-9378-7C81EEF5928A}.Debug|Any CPU.ActiveCfg = Debug|Any CPU
		{E209F086-6C2A-4A63-9378-7C81EEF5928A}.Debug|Any CPU.Build.0 = Debug|Any CPU
		{E209F086-6C2A-4A63-9378-7C81EEF5928A}.Release|Any CPU.ActiveCfg = Release|Any CPU
		{E209F086-6C2A-4A63-9378-7C81EEF5928A}.Release|Any CPU.Build.0 = Release|Any CPU
		{6ACAC0BA-48D9-4827-A1C8-E16164035E67}.Debug|Any CPU.ActiveCfg = Debug|Any CPU
		{6ACAC0BA-48D9-4827-A1C8-E16164035E67}.Debug|Any CPU.Build.0 = Debug|Any CPU
		{6ACAC0BA-48D9-4827-A1C8-E16164035E67}.Release|Any CPU.ActiveCfg = Release|Any CPU
		{6ACAC0BA-48D9-4827-A1C8-E16164035E67}.Release|Any CPU.Build.0 = Release|Any CPU
		{D82E4480-9933-4966-997A-B19AE14ADCAC}.Debug|Any CPU.ActiveCfg = Debug|Any CPU
		{D82E4480-9933-4966-997A-B19AE14ADCAC}.Debug|Any CPU.Build.0 = Debug|Any CPU
		{D82E4480-9933-4966-997A-B19AE14ADCAC}.Release|Any CPU.ActiveCfg = Release|Any CPU
		{D82E4480-9933-4966-997A-B19AE14ADCAC}.Release|Any CPU.Build.0 = Release|Any CPU
		{391C490F-138C-4CD1-90F2-5514F6C8315A}.Debug|Any CPU.ActiveCfg = Debug|Any CPU
		{391C490F-138C-4CD1-90F2-5514F6C8315A}.Debug|Any CPU.Build.0 = Debug|Any CPU
		{391C490F-138C-4CD1-90F2-5514F6C8315A}.Release|Any CPU.ActiveCfg = Release|Any CPU
		{391C490F-138C-4CD1-90F2-5514F6C8315A}.Release|Any CPU.Build.0 = Release|Any CPU
		{120BA61E-DD71-4C88-B0F6-6A367B9EE524}.Debug|Any CPU.ActiveCfg = Debug|Any CPU
		{120BA61E-DD71-4C88-B0F6-6A367B9EE524}.Debug|Any CPU.Build.0 = Debug|Any CPU
		{120BA61E-DD71-4C88-B0F6-6A367B9EE524}.Release|Any CPU.ActiveCfg = Release|Any CPU
		{120BA61E-DD71-4C88-B0F6-6A367B9EE524}.Release|Any CPU.Build.0 = Release|Any CPU
	EndGlobalSection
	GlobalSection(SolutionProperties) = preSolution
		HideSolutionNode = FALSE
	EndGlobalSection
	GlobalSection(NestedProjects) = preSolution
		{8DF832BF-E066-4B3E-A67B-F2F422665625} = {535D4FBA-6568-4DEF-B5DB-18FC50ED1895}
	EndGlobalSection
	GlobalSection(ExtensibilityGlobals) = postSolution
		SolutionGuid = {C0C090A6-5A8E-4200-87E5-92D361756E2E}
	EndGlobalSection
	GlobalSection(SharedMSBuildProjectFiles) = preSolution
		RadDataSourceUtils\RadDataSourceUtils.projitems*{2ade4ecb-223a-40e2-b795-2f33a74d70d8}*SharedItemsImports = 13
		RadDataSourceUtils\RadDataSourceUtils.projitems*{c58bf363-9f7a-49f5-b2f2-045cc5b59de2}*SharedItemsImports = 5
		RadDataSourceUtils\RadDataSourceUtils.projitems*{e209f086-6c2a-4a63-9378-7c81eef5928a}*SharedItemsImports = 5
	EndGlobalSection
EndGlobal
